
Microsoft Visual Studio Solution File, Format Version 12.00
# Visual Studio 15
Project("{FAE04EC0-301F-11D3-BF4B-00C04F79EFBC}") = "MicroBlog", "MicroBlog\MicroBlog.csproj", "{F86257EB-CB2A-4BD1-8146-7D94884C06FD}"
EndProject
Global
	GlobalSection(SolutionConfigurationPlatforms) = preSolution
		Debug|Any CPU = Debug|Any CPU
		Release|Any CPU = Release|Any CPU
	EndGlobalSection
	GlobalSection(ProjectConfigurationPlatforms) = postSolution
		{F86257EB-CB2A-4BD1-8146-7D94884C06FD}.Debug|Any CPU.ActiveCfg = Debug|Any CPU
		{F86257EB-CB2A-4BD1-8146-7D94884C06FD}.Debug|Any CPU.Build.0 = Debug|Any CPU
		{F86257EB-CB2A-4BD1-8146-7D94884C06FD}.Release|Any CPU.ActiveCfg = Release|Any CPU
		{F86257EB-CB2A-4BD1-8146-7D94884C06FD}.Release|Any CPU.Build.0 = Release|Any CPU
	EndGlobalSection
EndGlobal
